
Microsoft Visual Studio Solution File, Format Version 12.00
# Visual Studio Version 17
VisualStudioVersion = 17.10.34928.147
MinimumVisualStudioVersion = 10.0.40219.1
Project("{FAE04EC0-301F-11D3-BF4B-00C04F79EFBC}") = "DungeonEscape", "DungeonEscape.csproj", "{0702DBD3-6BC7-421A-9240-E78CA352898F}"
EndProject
Global
	GlobalSection(SolutionConfigurationPlatforms) = preSolution
		Debug|Any CPU = Debug|Any CPU
		Release|Any CPU = Release|Any CPU
	EndGlobalSection
	GlobalSection(ProjectConfigurationPlatforms) = postSolution
		{0702DBD3-6BC7-421A-9240-E78CA352898F}.Debug|Any CPU.ActiveCfg = Debug|Any CPU
		{0702DBD3-6BC7-421A-9240-E78CA352898F}.Debug|Any CPU.Build.0 = Debug|Any CPU
		{0702DBD3-6BC7-421A-9240-E78CA352898F}.Release|Any CPU.ActiveCfg = Release|Any CPU
		{0702DBD3-6BC7-421A-9240-E78CA352898F}.Release|Any CPU.Build.0 = Release|Any CPU
	EndGlobalSection
	GlobalSection(SolutionProperties) = preSolution
		HideSolutionNode = FALSE
	EndGlobalSection
	GlobalSection(ExtensibilityGlobals) = postSolution
		SolutionGuid = {D1D8AB74-058B-4703-9FAD-3208F9F77B9E}
	EndGlobalSection
EndGlobal
