
Microsoft Visual Studio Solution File, Format Version 12.00
# Visual Studio Version 17
VisualStudioVersion = 17.14.36623.8 d17.14
MinimumVisualStudioVersion = 10.0.40219.1
Project("{FAE04EC0-301F-11D3-BF4B-00C04F79EFBC}") = "Game", "Game\Game.csproj", "{0F99AEA3-FEF5-4BBB-A8B8-062DB2F82204}"
EndProject
Project("{2150E333-8FDC-42A3-9474-1A3956D46DE8}") = "Projektmappenelemente", "Projektmappenelemente", "{84D27F74-D2BA-6C25-2661-968F101900D9}"
	ProjectSection(SolutionItems) = preProject
		.gitignore = .gitignore
	EndProjectSection
EndProject
Global
	GlobalSection(SolutionConfigurationPlatforms) = preSolution
		Debug|Any CPU = Debug|Any CPU
		Release|Any CPU = Release|Any CPU
	EndGlobalSection
	GlobalSection(ProjectConfigurationPlatforms) = postSolution
		{0F99AEA3-FEF5-4BBB-A8B8-062DB2F82204}.Debug|Any CPU.ActiveCfg = Debug|Any CPU
		{0F99AEA3-FEF5-4BBB-A8B8-062DB2F82204}.Debug|Any CPU.Build.0 = Debug|Any CPU
		{0F99AEA3-FEF5-4BBB-A8B8-062DB2F82204}.Release|Any CPU.ActiveCfg = Release|Any CPU
		{0F99AEA3-FEF5-4BBB-A8B8-062DB2F82204}.Release|Any CPU.Build.0 = Release|Any CPU
	EndGlobalSection
	GlobalSection(SolutionProperties) = preSolution
		HideSolutionNode = FALSE
	EndGlobalSection
	GlobalSection(ExtensibilityGlobals) = postSolution
		SolutionGuid = {3A82BB90-08FB-474D-B20D-A5C527CBD51F}
	EndGlobalSection
EndGlobal
